
Microsoft Visual Studio Solution File, Format Version 12.00
# Visual Studio Version 17
VisualStudioVersion = 17.4.33110.190
MinimumVisualStudioVersion = 10.0.40219.1
Project("{FAE04EC0-301F-11D3-BF4B-00C04F79EFBC}") = "EComApp", "EComApp.csproj", "{DC028A84-2907-4C51-BE42-6A0019E8E91B}"
EndProject
Global
	GlobalSection(SolutionConfigurationPlatforms) = preSolution
		Debug|Any CPU = Debug|Any CPU
		Release|Any CPU = Release|Any CPU
	EndGlobalSection
	GlobalSection(ProjectConfigurationPlatforms) = postSolution
		{DC028A84-2907-4C51-BE42-6A0019E8E91B}.Debug|Any CPU.ActiveCfg = Debug|Any CPU
		{DC028A84-2907-4C51-BE42-6A0019E8E91B}.Debug|Any CPU.Build.0 = Debug|Any CPU
		{DC028A84-2907-4C51-BE42-6A0019E8E91B}.Release|Any CPU.ActiveCfg = Release|Any CPU
		{DC028A84-2907-4C51-BE42-6A0019E8E91B}.Release|Any CPU.Build.0 = Release|Any CPU
	EndGlobalSection
	GlobalSection(SolutionProperties) = preSolution
		HideSolutionNode = FALSE
	EndGlobalSection
	GlobalSection(ExtensibilityGlobals) = postSolution
		SolutionGuid = {5C874F19-34EB-46C1-91B2-6A88B022BA3D}
	EndGlobalSection
EndGlobal
